
Microsoft Visual Studio Solution File, Format Version 12.00
# Visual Studio Version 16
VisualStudioVersion = 16.0.30804.86
MinimumVisualStudioVersion = 10.0.40219.1
Project("{9A19103F-16F7-4668-BE54-9A1E7A4F7556}") = "IdentityServer", "IdentityServer\IdentityServer.csproj", "{C1699F72-8F23-4807-BB5F-CEB0B1D14E21}"
EndProject
Project("{9A19103F-16F7-4668-BE54-9A1E7A4F7556}") = "IdentityServ.Models", "IdentityServ.Models\IdentityServ.Models.csproj", "{3C1080F3-3D18-4378-ACD1-0452F0D4A62C}"
EndProject
Project("{9A19103F-16F7-4668-BE54-9A1E7A4F7556}") = "IdentityServ.Rules", "IdentityServ.Rules\IdentityServ.Rules.csproj", "{DDD03D3F-D33C-488C-B955-02FD8CD69B41}"
EndProject
Project("{9A19103F-16F7-4668-BE54-9A1E7A4F7556}") = "IdentityServer.Tests", "IdentityServer.Tests\IdentityServer.Tests.csproj", "{9E57B9D9-F1E5-485B-8CF9-5935C1C369E3}"
EndProject
Project("{9A19103F-16F7-4668-BE54-9A1E7A4F7556}") = "IdentityServerClient.CLI", "IdentityServerClient.CLI\IdentityServerClient.CLI.csproj", "{C5A9A5C7-9C7F-4D15-89B9-7BF7A29A2A62}"
EndProject
Global
	GlobalSection(SolutionConfigurationPlatforms) = preSolution
		Debug|Any CPU = Debug|Any CPU
		Release|Any CPU = Release|Any CPU
	EndGlobalSection
	GlobalSection(ProjectConfigurationPlatforms) = postSolution
		{C1699F72-8F23-4807-BB5F-CEB0B1D14E21}.Debug|Any CPU.ActiveCfg = Debug|Any CPU
		{C1699F72-8F23-4807-BB5F-CEB0B1D14E21}.Debug|Any CPU.Build.0 = Debug|Any CPU
		{C1699F72-8F23-4807-BB5F-CEB0B1D14E21}.Release|Any CPU.ActiveCfg = Release|Any CPU
		{C1699F72-8F23-4807-BB5F-CEB0B1D14E21}.Release|Any CPU.Build.0 = Release|Any CPU
		{3C1080F3-3D18-4378-ACD1-0452F0D4A62C}.Debug|Any CPU.ActiveCfg = Debug|Any CPU
		{3C1080F3-3D18-4378-ACD1-0452F0D4A62C}.Debug|Any CPU.Build.0 = Debug|Any CPU
		{3C1080F3-3D18-4378-ACD1-0452F0D4A62C}.Release|Any CPU.ActiveCfg = Release|Any CPU
		{3C1080F3-3D18-4378-ACD1-0452F0D4A62C}.Release|Any CPU.Build.0 = Release|Any CPU
		{DDD03D3F-D33C-488C-B955-02FD8CD69B41}.Debug|Any CPU.ActiveCfg = Debug|Any CPU
		{DDD03D3F-D33C-488C-B955-02FD8CD69B41}.Debug|Any CPU.Build.0 = Debug|Any CPU
		{DDD03D3F-D33C-488C-B955-02FD8CD69B41}.Release|Any CPU.ActiveCfg = Release|Any CPU
		{DDD03D3F-D33C-488C-B955-02FD8CD69B41}.Release|Any CPU.Build.0 = Release|Any CPU
		{9E57B9D9-F1E5-485B-8CF9-5935C1C369E3}.Debug|Any CPU.ActiveCfg = Debug|Any CPU
		{9E57B9D9-F1E5-485B-8CF9-5935C1C369E3}.Debug|Any CPU.Build.0 = Debug|Any CPU
		{9E57B9D9-F1E5-485B-8CF9-5935C1C369E3}.Release|Any CPU.ActiveCfg = Release|Any CPU
		{9E57B9D9-F1E5-485B-8CF9-5935C1C369E3}.Release|Any CPU.Build.0 = Release|Any CPU
		{C5A9A5C7-9C7F-4D15-89B9-7BF7A29A2A62}.Debug|Any CPU.ActiveCfg = Debug|Any CPU
		{C5A9A5C7-9C7F-4D15-89B9-7BF7A29A2A62}.Debug|Any CPU.Build.0 = Debug|Any CPU
		{C5A9A5C7-9C7F-4D15-89B9-7BF7A29A2A62}.Release|Any CPU.ActiveCfg = Release|Any CPU
		{C5A9A5C7-9C7F-4D15-89B9-7BF7A29A2A62}.Release|Any CPU.Build.0 = Release|Any CPU
	EndGlobalSection
	GlobalSection(SolutionProperties) = preSolution
		HideSolutionNode = FALSE
	EndGlobalSection
	GlobalSection(ExtensibilityGlobals) = postSolution
		SolutionGuid = {F8FA3EA7-9DEC-4190-A249-EAD0125299DF}
	EndGlobalSection
EndGlobal
